// !$*UTF8*$!
{
	archiveVersion = 1;
	classes = {
	};
	objectVersion = 56;
	objects = {

/* Begin PBXBuildFile section */
		BDC6EBD62A672AD400BAE4C0 /* caliCleanApp.swift in Sources */ = {isa = PBXBuildFile; fileRef = BDC6EBD52A672AD400BAE4C0 /* caliCleanApp.swift */; };
		BDC6EBD82A672AD400BAE4C0 /* ContentView.swift in Sources */ = {isa = PBXBuildFile; fileRef = BDC6EBD72A672AD400BAE4C0 /* ContentView.swift */; };
		BDC6EBDA2A672AD500BAE4C0 /* Assets.xcassets in Resources */ = {isa = PBXBuildFile; fileRef = BDC6EBD92A672AD500BAE4C0 /* Assets.xcassets */; };
		BDC6EBDD2A672AD500BAE4C0 /* Preview Assets.xcassets in Resources */ = {isa = PBXBuildFile; fileRef = BDC6EBDC2A672AD500BAE4C0 /* Preview Assets.xcassets */; };
		BDECBCC02A6746C20044C73A /* OrganicView.swift in Sources */ = {isa = PBXBuildFile; fileRef = BDECBCBF2A6746C20044C73A /* OrganicView.swift */; };
		BDECBCC22A6746D50044C73A /* LocationView.swift in Sources */ = {isa = PBXBuildFile; fileRef = BDECBCC12A6746D50044C73A /* LocationView.swift */; };
		BDECBCC42A6746ED0044C73A /* RecyclablesView.swift in Sources */ = {isa = PBXBuildFile; fileRef = BDECBCC32A6746ED0044C73A /* RecyclablesView.swift */; };
		BDECBCC62A6747060044C73A /* HazardousView.swift in Sources */ = {isa = PBXBuildFile; fileRef = BDECBCC52A6747060044C73A /* HazardousView.swift */; };
		BDECBCC82A67476D0044C73A /* ButtonView.swift in Sources */ = {isa = PBXBuildFile; fileRef = BDECBCC72A67476D0044C73A /* ButtonView.swift */; };
/* End PBXBuildFile section */

/* Begin PBXFileReference section */
		BDC6EBD22A672AD400BAE4C0 /* caliClean.app */ = {isa = PBXFileReference; explicitFileType = wrapper.application; includeInIndex = 0; path = caliClean.app; sourceTree = BUILT_PRODUCTS_DIR; };
		BDC6EBD52A672AD400BAE4C0 /* caliCleanApp.swift */ = {isa = PBXFileReference; lastKnownFileType = sourcecode.swift; path = caliCleanApp.swift; sourceTree = "<group>"; };
		BDC6EBD72A672AD400BAE4C0 /* ContentView.swift */ = {isa = PBXFileReference; lastKnownFileType = sourcecode.swift; path = ContentView.swift; sourceTree = "<group>"; };
		BDC6EBD92A672AD500BAE4C0 /* Assets.xcassets */ = {isa = PBXFileReference; lastKnownFileType = folder.assetcatalog; path = Assets.xcassets; sourceTree = "<group>"; };
		BDC6EBDC2A672AD500BAE4C0 /* Preview Assets.xcassets */ = {isa = PBXFileReference; lastKnownFileType = folder.assetcatalog; path = "Preview Assets.xcassets"; sourceTree = "<group>"; };
		BDECBCBF2A6746C20044C73A /* OrganicView.swift */ = {isa = PBXFileReference; lastKnownFileType = sourcecode.swift; path = OrganicView.swift; sourceTree = "<group>"; };
		BDECBCC12A6746D50044C73A /* LocationView.swift */ = {isa = PBXFileReference; lastKnownFileType = sourcecode.swift; path = LocationView.swift; sourceTree = "<group>"; };
		BDECBCC32A6746ED0044C73A /* RecyclablesView.swift */ = {isa = PBXFileReference; lastKnownFileType = sourcecode.swift; path = RecyclablesView.swift; sourceTree = "<group>"; };
		BDECBCC52A6747060044C73A /* HazardousView.swift */ = {isa = PBXFileReference; lastKnownFileType = sourcecode.swift; path = HazardousView.swift; sourceTree = "<group>"; };
		BDECBCC72A67476D0044C73A /* ButtonView.swift */ = {isa = PBXFileReference; lastKnownFileType = sourcecode.swift; path = ButtonView.swift; sourceTree = "<group>"; };
/* End PBXFileReference section */

/* Begin PBXFrameworksBuildPhase section */
		BDC6EBCF2A672AD400BAE4C0 /* Frameworks */ = {
			isa = PBXFrameworksBuildPhase;
			buildActionMask = 2147483647;
			files = (
			);
			runOnlyForDeploymentPostprocessing = 0;
		};
/* End PBXFrameworksBuildPhase section */

/* Begin PBXGroup section */
		BDC6EBC92A672AD400BAE4C0 = {
			isa = PBXGroup;
			children = (
				BDC6EBD42A672AD400BAE4C0 /* caliClean */,
				BDC6EBD32A672AD400BAE4C0 /* Products */,
			);
			sourceTree = "<group>";
		};
		BDC6EBD32A672AD400BAE4C0 /* Products */ = {
			isa = PBXGroup;
			children = (
				BDC6EBD22A672AD400BAE4C0 /* caliClean.app */,
			);
			name = Products;
			sourceTree = "<group>";
		};
		BDC6EBD42A672AD400BAE4C0 /* caliClean */ = {
			isa = PBXGroup;
			children = (
				BDC6EBD52A672AD400BAE4C0 /* caliCleanApp.swift */,
				BDC6EBD72A672AD400BAE4C0 /* ContentView.swift */,
				BDECBCC72A67476D0044C73A /* ButtonView.swift */,
				BDECBCC52A6747060044C73A /* HazardousView.swift */,
				BDECBCC32A6746ED0044C73A /* RecyclablesView.swift */,
				BDECBCC12A6746D50044C73A /* LocationView.swift */,
				BDECBCBF2A6746C20044C73A /* OrganicView.swift */,
				BDC6EBD92A672AD500BAE4C0 /* Assets.xcassets */,
				BDC6EBDB2A672AD500BAE4C0 /* Preview Content */,
			);
			path = caliClean;
			sourceTree = "<group>";
		};
		BDC6EBDB2A672AD500BAE4C0 /* Preview Content */ = {
			isa = PBXGroup;
			children = (
				BDC6EBDC2A672AD500BAE4C0 /* Preview Assets.xcassets */,
			);
			path = "Preview Content";
			sourceTree = "<group>";
		};
/* End PBXGroup section */

/* Begin PBXNativeTarget section */
		BDC6EBD12A672AD400BAE4C0 /* caliClean */ = {
			isa = PBXNativeTarget;
			buildConfigurationList = BDC6EBE02A672AD500BAE4C0 /* Build configuration list for PBXNativeTarget "caliClean" */;
			buildPhases = (
				BDC6EBCE2A672AD400BAE4C0 /* Sources */,
				BDC6EBCF2A672AD400BAE4C0 /* Frameworks */,
				BDC6EBD02A672AD400BAE4C0 /* Resources */,
			);
			buildRules = (
			);
			dependencies = (
			);
			name = caliClean;
			productName = caliClean;
			productReference = BDC6EBD22A672AD400BAE4C0 /* caliClean.app */;
			productType = "com.apple.product-type.application";
		};
/* End PBXNativeTarget section */

/* Begin PBXProject section */
		BDC6EBCA2A672AD400BAE4C0 /* Project object */ = {
			isa = PBXProject;
			attributes = {
				BuildIndependentTargetsInParallel = 1;
				LastSwiftUpdateCheck = 1430;
				LastUpgradeCheck = 1430;
				TargetAttributes = {
					BDC6EBD12A672AD400BAE4C0 = {
						CreatedOnToolsVersion = 14.3.1;
					};
				};
			};
			buildConfigurationList = BDC6EBCD2A672AD400BAE4C0 /* Build configuration list for PBXProject "caliClean" */;
			compatibilityVersion = "Xcode 14.0";
			developmentRegion = en;
			hasScannedForEncodings = 0;
			knownRegions = (
				en,
				Base,
			);
			mainGroup = BDC6EBC92A672AD400BAE4C0;
			productRefGroup = BDC6EBD32A672AD400BAE4C0 /* Products */;
			projectDirPath = "";
			projectRoot = "";
			targets = (
				BDC6EBD12A672AD400BAE4C0 /* caliClean */,
			);
		};
/* End PBXProject section */

/* Begin PBXResourcesBuildPhase section */
		BDC6EBD02A672AD400BAE4C0 /* Resources */ = {
			isa = PBXResourcesBuildPhase;
			buildActionMask = 2147483647;
			files = (
				BDC6EBDD2A672AD500BAE4C0 /* Preview Assets.xcassets in Resources */,
				BDC6EBDA2A672AD500BAE4C0 /* Assets.xcassets in Resources */,
			);
			runOnlyForDeploymentPostprocessing = 0;
		};
/* End PBXResourcesBuildPhase section */

/* Begin PBXSourcesBuildPhase section */
		BDC6EBCE2A672AD400BAE4C0 /* Sources */ = {
			isa = PBXSourcesBuildPhase;
			buildActionMask = 2147483647;
			files = (
				BDECBCC42A6746ED0044C73A /* RecyclablesView.swift in Sources */,
				BDC6EBD82A672AD400BAE4C0 /* ContentView.swift in Sources */,
				BDECBCC62A6747060044C73A /* HazardousView.swift in Sources */,
				BDECBCC22A6746D50044C73A /* LocationView.swift in Sources */,
				BDC6EBD62A672AD400BAE4C0 /* caliCleanApp.swift in Sources */,
				BDECBCC02A6746C20044C73A /* OrganicView.swift in Sources */,
				BDECBCC82A67476D0044C73A /* ButtonView.swift in Sources */,
			);
			runOnlyForDeploymentPostprocessing = 0;
		};
/* End PBXSourcesBuildPhase section */

/* Begin XCBuildConfiguration section */
		BDC6EBDE2A672AD500BAE4C0 /* Debug */ = {
			isa = XCBuildConfiguration;
			buildSettings = {
				ALWAYS_SEARCH_USER_PATHS = NO;
				CLANG_ANALYZER_NONNULL = YES;
				CLANG_ANALYZER_NUMBER_OBJECT_CONVERSION = YES_AGGRESSIVE;
				CLANG_CXX_LANGUAGE_STANDARD = "gnu++20";
				CLANG_ENABLE_MODULES = YES;
				CLANG_ENABLE_OBJC_ARC = YES;
				CLANG_ENABLE_OBJC_WEAK = YES;
				CLANG_WARN_BLOCK_CAPTURE_AUTORELEASING = YES;
				CLANG_WARN_BOOL_CONVERSION = YES;
				CLANG_WARN_COMMA = YES;
				CLANG_WARN_CONSTANT_CONVERSION = YES;
				CLANG_WARN_DEPRECATED_OBJC_IMPLEMENTATIONS = YES;
				CLANG_WARN_DIRECT_OBJC_ISA_USAGE = YES_ERROR;
				CLANG_WARN_DOCUMENTATION_COMMENTS = YES;
				CLANG_WARN_EMPTY_BODY = YES;
				CLANG_WARN_ENUM_CONVERSION = YES;
				CLANG_WARN_INFINITE_RECURSION = YES;
				CLANG_WARN_INT_CONVERSION = YES;
				CLANG_WARN_NON_LITERAL_NULL_CONVERSION = YES;
				CLANG_WARN_OBJC_IMPLICIT_RETAIN_SELF = YES;
				CLANG_WARN_OBJC_LITERAL_CONVERSION = YES;
				CLANG_WARN_OBJC_ROOT_CLASS = YES_ERROR;
				CLANG_WARN_QUOTED_INCLUDE_IN_FRAMEWORK_HEADER = YES;
				CLANG_WARN_RANGE_LOOP_ANALYSIS = YES;
				CLANG_WARN_STRICT_PROTOTYPES = YES;
				CLANG_WARN_SUSPICIOUS_MOVE = YES;
				CLANG_WARN_UNGUARDED_AVAILABILITY = YES_AGGRESSIVE;
				CLANG_WARN_UNREACHABLE_CODE = YES;
				CLANG_WARN__DUPLICATE_METHOD_MATCH = YES;
				COPY_PHASE_STRIP = NO;
				DEBUG_INFORMATION_FORMAT = dwarf;
				ENABLE_STRICT_OBJC_MSGSEND = YES;
				ENABLE_TESTABILITY = YES;
				GCC_C_LANGUAGE_STANDARD = gnu11;
				GCC_DYNAMIC_NO_PIC = NO;
				GCC_NO_COMMON_BLOCKS = YES;
				GCC_OPTIMIZATION_LEVEL = 0;
				GCC_PREPROCESSOR_DEFINITIONS = (
					"DEBUG=1",
					"$(inherited)",
				);
				GCC_WARN_64_TO_32_BIT_CONVERSION = YES;
				GCC_WARN_ABOUT_RETURN_TYPE = YES_ERROR;
				GCC_WARN_UNDECLARED_SELECTOR = YES;
				GCC_WARN_UNINITIALIZED_AUTOS = YES_AGGRESSIVE;
				GCC_WARN_UNUSED_FUNCTION = YES;
				GCC_WARN_UNUSED_VARIABLE = YES;
				IPHONEOS_DEPLOYMENT_TARGET = 16.4;
				MTL_ENABLE_DEBUG_INFO = INCLUDE_SOURCE;
				MTL_FAST_MATH = YES;
				ONLY_ACTIVE_ARCH = YES;
				SDKROOT = iphoneos;
				SWIFT_ACTIVE_COMPILATION_CONDITIONS = DEBUG;
				SWIFT_OPTIMIZATION_LEVEL = "-Onone";
			};
			name = Debug;
		};
		BDC6EBDF2A672AD500BAE4C0 /* Release */ = {
			isa = XCBuildConfiguration;
			buildSettings = {
				ALWAYS_SEARCH_USER_PATHS = NO;
				CLANG_ANALYZER_NONNULL = YES;
				CLANG_ANALYZER_NUMBER_OBJECT_CONVERSION = YES_AGGRESSIVE;
				CLANG_CXX_LANGUAGE_STANDARD = "gnu++20";
				CLANG_ENABLE_MODULES = YES;
				CLANG_ENABLE_OBJC_ARC = YES;
				CLANG_ENABLE_OBJC_WEAK = YES;
				CLANG_WARN_BLOCK_CAPTURE_AUTORELEASING = YES;
				CLANG_WARN_BOOL_CONVERSION = YES;
				CLANG_WARN_COMMA = YES;
				CLANG_WARN_CONSTANT_CONVERSION = YES;
				CLANG_WARN_DEPRECATED_OBJC_IMPLEMENTATIONS = YES;
				CLANG_WARN_DIRECT_OBJC_ISA_USAGE = YES_ERROR;
				CLANG_WARN_DOCUMENTATION_COMMENTS = YES;
				CLANG_WARN_EMPTY_BODY = YES;
				CLANG_WARN_ENUM_CONVERSION = YES;
				CLANG_WARN_INFINITE_RECURSION = YES;
				CLANG_WARN_INT_CONVERSION = YES;
				CLANG_WARN_NON_LITERAL_NULL_CONVERSION = YES;
				CLANG_WARN_OBJC_IMPLICIT_RETAIN_SELF = YES;
				CLANG_WARN_OBJC_LITERAL_CONVERSION = YES;
				CLANG_WARN_OBJC_ROOT_CLASS = YES_ERROR;
				CLANG_WARN_QUOTED_INCLUDE_IN_FRAMEWORK_HEADER = YES;
				CLANG_WARN_RANGE_LOOP_ANALYSIS = YES;
				CLANG_WARN_STRICT_PROTOTYPES = YES;
				CLANG_WARN_SUSPICIOUS_MOVE = YES;
				CLANG_WARN_UNGUARDED_AVAILABILITY = YES_AGGRESSIVE;
				CLANG_WARN_UNREACHABLE_CODE = YES;
				CLANG_WARN__DUPLICATE_METHOD_MATCH = YES;
				COPY_PHASE_STRIP = NO;
				DEBUG_INFORMATION_FORMAT = "dwarf-with-dsym";
				ENABLE_NS_ASSERTIONS = NO;
				ENABLE_STRICT_OBJC_MSGSEND = YES;
				GCC_C_LANGUAGE_STANDARD = gnu11;
				GCC_NO_COMMON_BLOCKS = YES;
				GCC_WARN_64_TO_32_BIT_CONVERSION = YES;
				GCC_WARN_ABOUT_RETURN_TYPE = YES_ERROR;
				GCC_WARN_UNDECLARED_SELECTOR = YES;
				GCC_WARN_UNINITIALIZED_AUTOS = YES_AGGRESSIVE;
				GCC_WARN_UNUSED_FUNCTION = YES;
				GCC_WARN_UNUSED_VARIABLE = YES;
				IPHONEOS_DEPLOYMENT_TARGET = 16.4;
				MTL_ENABLE_DEBUG_INFO = NO;
				MTL_FAST_MATH = YES;
				SDKROOT = iphoneos;
				SWIFT_COMPILATION_MODE = wholemodule;
				SWIFT_OPTIMIZATION_LEVEL = "-O";
				VALIDATE_PRODUCT = YES;
			};
			name = Release;
		};
		BDC6EBE12A672AD500BAE4C0 /* Debug */ = {
			isa = XCBuildConfiguration;
			buildSettings = {
				ASSETCATALOG_COMPILER_APPICON_NAME = AppIcon;
				ASSETCATALOG_COMPILER_GLOBAL_ACCENT_COLOR_NAME = AccentColor;
				CODE_SIGN_STYLE = Automatic;
				CURRENT_PROJECT_VERSION = 1;
				DEVELOPMENT_ASSET_PATHS = "\"caliClean/Preview Content\"";
				ENABLE_PREVIEWS = YES;
				GENERATE_INFOPLIST_FILE = YES;
				INFOPLIST_KEY_UIApplicationSceneManifest_Generation = YES;
				INFOPLIST_KEY_UIApplicationSupportsIndirectInputEvents = YES;
				INFOPLIST_KEY_UILaunchScreen_Generation = YES;
				INFOPLIST_KEY_UISupportedInterfaceOrientations_iPad = "UIInterfaceOrientationPortrait UIInterfaceOrientationPortraitUpsideDown UIInterfaceOrientationLandscapeLeft UIInterfaceOrientationLandscapeRight";
				INFOPLIST_KEY_UISupportedInterfaceOrientations_iPhone = "UIInterfaceOrientationPortrait UIInterfaceOrientationLandscapeLeft UIInterfaceOrientationLandscapeRight";
				LD_RUNPATH_SEARCH_PATHS = (
					"$(inherited)",
					"@executable_path/Frameworks",
				);
				MARKETING_VERSION = 1.0;
				PRODUCT_BUNDLE_IDENTIFIER = kwk.caliClean;
				PRODUCT_NAME = "$(TARGET_NAME)";
				SWIFT_EMIT_LOC_STRINGS = YES;
				SWIFT_VERSION = 5.0;
				TARGETED_DEVICE_FAMILY = "1,2";
			};
			name = Debug;
		};
		BDC6EBE22A672AD500BAE4C0 /* Release */ = {
			isa = XCBuildConfiguration;
			buildSettings = {
				ASSETCATALOG_COMPILER_APPICON_NAME = AppIcon;
				ASSETCATALOG_COMPILER_GLOBAL_ACCENT_COLOR_NAME = AccentColor;
				CODE_SIGN_STYLE = Automatic;
				CURRENT_PROJECT_VERSION = 1;
				DEVELOPMENT_ASSET_PATHS = "\"caliClean/Preview Content\"";
				ENABLE_PREVIEWS = YES;
				GENERATE_INFOPLIST_FILE = YES;
				INFOPLIST_KEY_UIApplicationSceneManifest_Generation = YES;
				INFOPLIST_KEY_UIApplicationSupportsIndirectInputEvents = YES;
				INFOPLIST_KEY_UILaunchScreen_Generation = YES;
				INFOPLIST_KEY_UISupportedInterfaceOrientations_iPad = "UIInterfaceOrientationPortrait UIInterfaceOrientationPortraitUpsideDown UIInterfaceOrientationLandscapeLeft UIInterfaceOrientationLandscapeRight";
				INFOPLIST_KEY_UISupportedInterfaceOrientations_iPhone = "UIInterfaceOrientationPortrait UIInterfaceOrientationLandscapeLeft UIInterfaceOrientationLandscapeRight";
				LD_RUNPATH_SEARCH_PATHS = (
					"$(inherited)",
					"@executable_path/Frameworks",
				);
				MARKETING_VERSION = 1.0;
				PRODUCT_BUNDLE_IDENTIFIER = kwk.caliClean;
				PRODUCT_NAME = "$(TARGET_NAME)";
				SWIFT_EMIT_LOC_STRINGS = YES;
				SWIFT_VERSION = 5.0;
				TARGETED_DEVICE_FAMILY = "1,2";
			};
			name = Release;
		};
/* End XCBuildConfiguration section */

/* Begin XCConfigurationList section */
		BDC6EBCD2A672AD400BAE4C0 /* Build configuration list for PBXProject "caliClean" */ = {
			isa = XCConfigurationList;
			buildConfigurations = (
				BDC6EBDE2A672AD500BAE4C0 /* Debug */,
				BDC6EBDF2A672AD500BAE4C0 /* Release */,
			);
			defaultConfigurationIsVisible = 0;
			defaultConfigurationName = Release;
		};
		BDC6EBE02A672AD500BAE4C0 /* Build configuration list for PBXNativeTarget "caliClean" */ = {
			isa = XCConfigurationList;
			buildConfigurations = (
				BDC6EBE12A672AD500BAE4C0 /* Debug */,
				BDC6EBE22A672AD500BAE4C0 /* Release */,
			);
			defaultConfigurationIsVisible = 0;
			defaultConfigurationName = Release;
		};
/* End XCConfigurationList section */
	};
	rootObject = BDC6EBCA2A672AD400BAE4C0 /* Project object */;
}
